# Generated by buf. DO NOT EDIT.
version: v1
deps:
  - remote: buf.build
    owner: envoyproxy
    repository: protoc-gen-validate
    commit: daf171c6cdb54629b5f51e345a79e4dd
    digest: shake256:4ae167d7eed10da5f83a3f5df8c670d249170f11b1f2fd19afda06be2cff4d47dcc95e9e4a15151ecc8ce2d3d3614caf9a04d3ad82fb768a3870dedfa9455f36
  - remote: buf.build
    owner: googleapis
    repository: googleapis
    commit: acd896313c55464b993332136ded1b6e
    digest: shake256:66626d5e4d9c8ecf25cd72bdbfbbf62b9a68e9e9c33dab6b9b39a53a67063eeba6b8493247dd6d6240b1ac1c32eb2dc311484e67dd7d271884a960c2e5ce8c9a
