{
  "name": "tracker",
  "lockfileVersion": 3,
  "requires": true,
  "packages": {
    "": {
      "devDependencies": {
        "baseline-browser-mapping": "^2.10.10"
      }
    },
    "node_modules/baseline-browser-mapping": {
      "version": "2.10.40",
      "resolved": "https://registry.npmjs.org/baseline-browser-mapping/-/baseline-browser-mapping-2.10.40.tgz",
      "integrity": "sha512-BSSLZ9/Cjjv7Gtj5B68ZzXcXUg8iOf3fme+FCuh8rC/Go+Kmh8cox7M3A8dolou16s64QjLPOSdngh7GxXvkSw==",
      "dev": true,
      "license": "Apache-2.0",
      "bin": {
        "baseline-browser-mapping": "dist/cli.cjs"
      },
      "engines": {
        "node": ">=6.0.0"
      }
    }
  }
}
